
Microsoft Visual Studio Solution File, Format Version 12.00
# Visual Studio 15
VisualStudioVersion = 15.0.27428.2002
MinimumVisualStudioVersion = 10.0.40219.1
Project("{8BC9CEB8-8B4A-11D0-8D11-00A0C91BC942}") = "StudentTool2", "StudentTool2.vcxproj", "{F4327191-F500-4CC4-A75E-09B8AE988CF8}"
EndProject
Global
	GlobalSection(SolutionConfigurationPlatforms) = preSolution
		Debug|x64 = Debug|x64
		Debug|x86 = Debug|x86
		Release|x64 = Release|x64
		Release|x86 = Release|x86
	EndGlobalSection
	GlobalSection(ProjectConfigurationPlatforms) = postSolution
		{F4327191-F500-4CC4-A75E-09B8AE988CF8}.Debug|x64.ActiveCfg = Debug|x64
		{F4327191-F500-4CC4-A75E-09B8AE988CF8}.Debug|x64.Build.0 = Debug|x64
		{F4327191-F500-4CC4-A75E-09B8AE988CF8}.Debug|x86.ActiveCfg = Debug|Win32
		{F4327191-F500-4CC4-A75E-09B8AE988CF8}.Debug|x86.Build.0 = Debug|Win32
		{F4327191-F500-4CC4-A75E-09B8AE988CF8}.Release|x64.ActiveCfg = Release|x64
		{F4327191-F500-4CC4-A75E-09B8AE988CF8}.Release|x64.Build.0 = Release|x64
		{F4327191-F500-4CC4-A75E-09B8AE988CF8}.Release|x86.ActiveCfg = Release|Win32
		{F4327191-F500-4CC4-A75E-09B8AE988CF8}.Release|x86.Build.0 = Release|Win32
	EndGlobalSection
	GlobalSection(SolutionProperties) = preSolution
		HideSolutionNode = FALSE
	EndGlobalSection
	GlobalSection(ExtensibilityGlobals) = postSolution
		SolutionGuid = {E1AA6C7F-0FAC-44C2-AF82-B45C56A42E9F}
	EndGlobalSection
EndGlobal
